# This file was autogenerated by Stack.
# You should not edit this file by hand.
# For more information, please see the documentation at:
#   https://docs.haskellstack.org/en/stable/lock_files

packages:
- completed:
    hackage: hedn-0.3.0.1@sha256:380de06027a727c7337c91b9e9f60f0b17915954ea25fbcd4f302f5f3bae453f,2225
    pantry-tree:
      size: 1293
      sha256: 8d4f2655f0cb964c4e1dc83ece9112f220fadaca33b47d8ebee7d4c07e9f5125
  original:
    hackage: hedn-0.3.0.1
snapshots:
- completed:
    size: 531237
    url: https://raw.githubusercontent.com/commercialhaskell/stackage-snapshots/master/lts/16/0.yaml
    sha256: 210e15b7043e2783115afe16b0d54914b1611cdaa73f3ca3ca7f8e0847ff54e5
  original: lts-16.0
