# This file was autogenerated by Stack.
# You should not edit this file by hand.
# For more information, please see the documentation at:
#   https://docs.haskellstack.org/en/stable/lock_files

packages:
- completed:
    hackage: hedn-0.2.0.0@sha256:ffa03dec3ad6d76e20e99a951347be160de177a8f37ac2ed85688c689121e110,2231
    pantry-tree:
      size: 1345
      sha256: 18c471436544e88fe0f50a4ad47e84a06fc7a4196ce7c476a4656371b44849da
  original:
    hackage: hedn-0.2.0.0
- completed:
    hackage: inline-c-cpp-0.3.0.1@sha256:916ffd22c097f399a47f6ddb9313e2ce36d8051755dd702c23f8d20a370fee09,1517
    pantry-tree:
      size: 313
      sha256: ef970fa8d947613ed147a3b57cedcb67c3c3300f0100bcecfb576e7d9d28c692
  original:
    hackage: inline-c-cpp-0.3.0.1
- completed:
    hackage: megaparsec-7.0.4@sha256:a7397151601cbe6b8f831f8bdad1a10118dcd6d9a7ee50d6bbdcfbd1181b4ba2,6202
    pantry-tree:
      size: 2647
      sha256: ab1608bf3230f6f3242fd49f4aa60025698c831f2cfb3496ccbdadf7840848e9
  original:
    hackage: megaparsec-7.0.4
snapshots:
- completed:
    size: 509471
    url: https://raw.githubusercontent.com/commercialhaskell/stackage-snapshots/master/lts/12/26.yaml
    sha256: 95f014df58d0679b1c4a2b7bf2b652b61da8d30de5f571abb0d59015ef678646
  original: lts-12.26
