# This file was autogenerated by Stack.
# You should not edit this file by hand.
# For more information, please see the documentation at:
#   https://docs.haskellstack.org/en/stable/lock_files

packages:
- completed:
    hackage: hedgehog-1.0@sha256:440dafedac48a34eac3871f8622b215462cfc0708536cb0458b7a8cf38247c69,4463
    pantry-tree:
      size: 2409
      sha256: 985f5ddc16bc1fd4b0c33d4b4e6f54d205fc63aa97b5912b0fcb370dc2a672e3
  original:
    hackage: hedgehog-1.0
- completed:
    hackage: tasty-hedgehog-1.0.0.1@sha256:cdcf60a29195bd0d819d3018c11db2e0deb7c6e559ad940c49409a5a7a982f83,1766
    pantry-tree:
      size: 330
      sha256: 7c26d9584f8ad1a86d9f5cbd6f5a8b81219eaee992e5a098ddab29a6c0b4b2bf
  original:
    hackage: tasty-hedgehog-1.0.0.1
- completed:
    hackage: brick-0.47@sha256:4936c50acfdf09620dad5217fb384fc0d59626f75abed8b48250b419ec2ab623,13852
    pantry-tree:
      size: 3752
      sha256: 22f91953437e5bfa806b7b89b56f8297ec7ff05d11d1a2328a75204d45bfa1a6
  original:
    hackage: brick-0.47
- completed:
    hackage: config-ini-0.2.4.0@sha256:38a6d484d471c6fac81445de2eac8c4e8c82760962fca5491ae1c3bfca9c4047,3232
    pantry-tree:
      size: 886
      sha256: b608472507ec84e468f768acab36d8c85b46bcf918f2a60604fff46137160d2d
  original:
    hackage: config-ini-0.2.4.0
- completed:
    hackage: data-clist-0.1.2.2@sha256:4d70add0a200a178853cd37c6469101bac3c36aebb3aa9c503ff225211b1a8c9,936
    pantry-tree:
      size: 219
      sha256: 1ebcc75682379366f03666c2de30d04ef49684b48bd4529afdc5bfa750b4af61
  original:
    hackage: data-clist-0.1.2.2
- completed:
    hackage: text-zipper-0.10.1@sha256:8b73a97a3717a17df9b0a722b178950c476ff2268ca5c583e99d010c94af849e,1471
    pantry-tree:
      size: 600
      sha256: ebd5f0e2fc8c59b1bde6706cef1fdb012d52bb26b3953a97a4fa6502f56cdd65
  original:
    hackage: text-zipper-0.10.1
- completed:
    hackage: word-wrap-0.4.1@sha256:f72233b383ef569c557bfd9812cbb8e306c415ce509082c0bd15ee51c0239ccc,1606
    pantry-tree:
      size: 423
      sha256: dcf5071895ee477e60e3c9de1e30eb711e11e9a7335db160616f80baeb20ad71
  original:
    hackage: word-wrap-0.4.1
snapshots:
- completed:
    size: 498167
    url: https://raw.githubusercontent.com/commercialhaskell/stackage-snapshots/master/lts/13/20.yaml
    sha256: cda928d57b257a5f17bcad796843c9daa674fef47d600dbea3aa7b0e49d64a11
  original: lts-13.20
