# This file was autogenerated by Stack.
# You should not edit this file by hand.
# For more information, please see the documentation at:
#   https://docs.haskellstack.org/en/stable/lock_files

packages:
- completed:
    cabal-file:
      size: 7744
      sha256: 71f3cb963a2722ded56fb2341d3ca0351e91647ebae6c8bf7c2df2cccf3b4567
    name: ormolu
    version: 0.0.1.0
    git: https://github.com/tweag/ormolu.git
    pantry-tree:
      size: 55671
      sha256: 543011b738507659e59a9f9190c4c03906478ff49df139a46c67095786c8b259
    commit: 9dd08eea3bc023afa3045df73490b09c621eb8fe
  original:
    git: https://github.com/tweag/ormolu.git
    commit: 9dd08eea3bc023afa3045df73490b09c621eb8fe
snapshots:
- completed:
    size: 523443
    url: https://raw.githubusercontent.com/commercialhaskell/stackage-snapshots/master/lts/14/0.yaml
    sha256: 283773e7120f5446d961eab35ea95c9af9c24187cc178537bd29273200a05171
  original: lts-14.0
