# This file was autogenerated by Stack.
# You should not edit this file by hand.
# For more information, please see the documentation at:
#   https://docs.haskellstack.org/en/stable/lock_files

packages:
- completed:
    hackage: hedn-0.3.0.2@sha256:72143508928d985e4f53a4c4537004dd11fbf2fa0785411bb6ef1a41cf30aa3f,2234
    pantry-tree:
      size: 1293
      sha256: 93ef532249662f707476879ade9753b4e326d5564690fb7aa11f06f221982caf
  original:
    hackage: hedn-0.3.0.2
snapshots:
- completed:
    size: 534126
    url: https://raw.githubusercontent.com/commercialhaskell/stackage-snapshots/master/lts/16/31.yaml
    sha256: 637fb77049b25560622a224845b7acfe81a09fdb6a96a3c75997a10b651667f6
  original: lts-16.31
